// !$*UTF8*$!
{
	archiveVersion = 1;
	classes = {
	};
	objectVersion = 56;
	objects = {

/* Begin PBXBuildFile section */
		391DFCFE2B6763D20006D7C2 /* ContentView.swift in Sources */ = {isa = PBXBuildFile; fileRef = 39C095032B60E3CC0007A7D5 /* ContentView.swift */; };
		391DFD072B6765A20006D7C2 /* MyFirstTests.swift in Sources */ = {isa = PBXBuildFile; fileRef = 391DFD062B6765A20006D7C2 /* MyFirstTests.swift */; };
		39203D892B6E9B600011ACE4 /* Constants.swift in Sources */ = {isa = PBXBuildFile; fileRef = 39203D882B6E9B600011ACE4 /* Constants.swift */; };
		39203D8B2B6E9BDA0011ACE4 /* SliderView.swift in Sources */ = {isa = PBXBuildFile; fileRef = 39203D8A2B6E9BDA0011ACE4 /* SliderView.swift */; };
		39203D8E2B6E9BFF0011ACE4 /* TextViews.swift in Sources */ = {isa = PBXBuildFile; fileRef = 39203D8D2B6E9BFF0011ACE4 /* TextViews.swift */; };
		39203D912B6EF2480011ACE4 /* DisplayView.swift in Sources */ = {isa = PBXBuildFile; fileRef = 39203D902B6EF2480011ACE4 /* DisplayView.swift */; };
		39203D932B6F4C510011ACE4 /* ColorSelectionView.swift in Sources */ = {isa = PBXBuildFile; fileRef = 39203D922B6F4C510011ACE4 /* ColorSelectionView.swift */; };
		39C095022B60E3CC0007A7D5 /* MyFirstApp.swift in Sources */ = {isa = PBXBuildFile; fileRef = 39C095012B60E3CC0007A7D5 /* MyFirstApp.swift */; };
		39C095062B60E3CE0007A7D5 /* Assets.xcassets in Resources */ = {isa = PBXBuildFile; fileRef = 39C095052B60E3CE0007A7D5 /* Assets.xcassets */; };
		39C095092B60E3CE0007A7D5 /* Preview Assets.xcassets in Resources */ = {isa = PBXBuildFile; fileRef = 39C095082B60E3CE0007A7D5 /* Preview Assets.xcassets */; };
		39FC83482B79CDD500571273 /* kodecoWeek1Solution in Resources */ = {isa = PBXBuildFile; fileRef = 39FC83472B79CDD500571273 /* kodecoWeek1Solution */; };
		39FC834A2B79CDDC00571273 /* week3 in Resources */ = {isa = PBXBuildFile; fileRef = 39FC83492B79CDDC00571273 /* week3 */; };
/* End PBXBuildFile section */

/* Begin PBXContainerItemProxy section */
		391DFD082B6765A20006D7C2 /* PBXContainerItemProxy */ = {
			isa = PBXContainerItemProxy;
			containerPortal = 39C094F62B60E3CC0007A7D5 /* Project object */;
			proxyType = 1;
			remoteGlobalIDString = 39C094FD2B60E3CC0007A7D5;
			remoteInfo = MyFirst;
		};
/* End PBXContainerItemProxy section */

/* Begin PBXFileReference section */
		391DFD042B6765A20006D7C2 /* MyFirstTests.xctest */ = {isa = PBXFileReference; explicitFileType = wrapper.cfbundle; includeInIndex = 0; path = MyFirstTests.xctest; sourceTree = BUILT_PRODUCTS_DIR; };
		391DFD062B6765A20006D7C2 /* MyFirstTests.swift */ = {isa = PBXFileReference; lastKnownFileType = sourcecode.swift; path = MyFirstTests.swift; sourceTree = "<group>"; };
		39203D882B6E9B600011ACE4 /* Constants.swift */ = {isa = PBXFileReference; lastKnownFileType = sourcecode.swift; path = Constants.swift; sourceTree = "<group>"; };
		39203D8A2B6E9BDA0011ACE4 /* SliderView.swift */ = {isa = PBXFileReference; lastKnownFileType = sourcecode.swift; path = SliderView.swift; sourceTree = "<group>"; };
		39203D8D2B6E9BFF0011ACE4 /* TextViews.swift */ = {isa = PBXFileReference; lastKnownFileType = sourcecode.swift; path = TextViews.swift; sourceTree = "<group>"; };
		39203D902B6EF2480011ACE4 /* DisplayView.swift */ = {isa = PBXFileReference; lastKnownFileType = sourcecode.swift; path = DisplayView.swift; sourceTree = "<group>"; };
		39203D922B6F4C510011ACE4 /* ColorSelectionView.swift */ = {isa = PBXFileReference; lastKnownFileType = sourcecode.swift; path = ColorSelectionView.swift; sourceTree = "<group>"; };
		39C094FE2B60E3CC0007A7D5 /* MyFirst.app */ = {isa = PBXFileReference; explicitFileType = wrapper.application; includeInIndex = 0; path = MyFirst.app; sourceTree = BUILT_PRODUCTS_DIR; };
		39C095012B60E3CC0007A7D5 /* MyFirstApp.swift */ = {isa = PBXFileReference; lastKnownFileType = sourcecode.swift; path = MyFirstApp.swift; sourceTree = "<group>"; };
		39C095032B60E3CC0007A7D5 /* ContentView.swift */ = {isa = PBXFileReference; lastKnownFileType = sourcecode.swift; path = ContentView.swift; sourceTree = "<group>"; };
		39C095052B60E3CE0007A7D5 /* Assets.xcassets */ = {isa = PBXFileReference; lastKnownFileType = folder.assetcatalog; path = Assets.xcassets; sourceTree = "<group>"; };
		39C095082B60E3CE0007A7D5 /* Preview Assets.xcassets */ = {isa = PBXFileReference; lastKnownFileType = folder.assetcatalog; path = "Preview Assets.xcassets"; sourceTree = "<group>"; };
		39FC83472B79CDD500571273 /* kodecoWeek1Solution */ = {isa = PBXFileReference; lastKnownFileType = folder; path = kodecoWeek1Solution; sourceTree = "<group>"; };
		39FC83492B79CDDC00571273 /* week3 */ = {isa = PBXFileReference; lastKnownFileType = folder; path = week3; sourceTree = "<group>"; };
/* End PBXFileReference section */

/* Begin PBXFrameworksBuildPhase section */
		391DFD012B6765A20006D7C2 /* Frameworks */ = {
			isa = PBXFrameworksBuildPhase;
			buildActionMask = 2147483647;
			files = (
			);
			runOnlyForDeploymentPostprocessing = 0;
		};
		39C094FB2B60E3CC0007A7D5 /* Frameworks */ = {
			isa = PBXFrameworksBuildPhase;
			buildActionMask = 2147483647;
			files = (
			);
			runOnlyForDeploymentPostprocessing = 0;
		};
/* End PBXFrameworksBuildPhase section */

/* Begin PBXGroup section */
		391DFCEA2B67192B0006D7C2 /* Views */ = {
			isa = PBXGroup;
			children = (
				39C095032B60E3CC0007A7D5 /* ContentView.swift */,
				39203D8A2B6E9BDA0011ACE4 /* SliderView.swift */,
				39203D8D2B6E9BFF0011ACE4 /* TextViews.swift */,
				39203D902B6EF2480011ACE4 /* DisplayView.swift */,
				39203D922B6F4C510011ACE4 /* ColorSelectionView.swift */,
			);
			path = Views;
			sourceTree = "<group>";
		};
		391DFCEB2B6719410006D7C2 /* App */ = {
			isa = PBXGroup;
			children = (
				39C095012B60E3CC0007A7D5 /* MyFirstApp.swift */,
				39C095052B60E3CE0007A7D5 /* Assets.xcassets */,
			);
			path = App;
			sourceTree = "<group>";
		};
		391DFD052B6765A20006D7C2 /* MyFirstTests */ = {
			isa = PBXGroup;
			children = (
				391DFD062B6765A20006D7C2 /* MyFirstTests.swift */,
			);
			path = MyFirstTests;
			sourceTree = "<group>";
		};
		39203D872B6E9B2E0011ACE4 /* Constants */ = {
			isa = PBXGroup;
			children = (
				39203D882B6E9B600011ACE4 /* Constants.swift */,
			);
			path = Constants;
			sourceTree = "<group>";
		};
		39C094F52B60E3CC0007A7D5 = {
			isa = PBXGroup;
			children = (
				39FC83492B79CDDC00571273 /* week3 */,
				39FC83472B79CDD500571273 /* kodecoWeek1Solution */,
				39C095002B60E3CC0007A7D5 /* MyFirst */,
				391DFD052B6765A20006D7C2 /* MyFirstTests */,
				39C094FF2B60E3CC0007A7D5 /* Products */,
			);
			sourceTree = "<group>";
		};
		39C094FF2B60E3CC0007A7D5 /* Products */ = {
			isa = PBXGroup;
			children = (
				39C094FE2B60E3CC0007A7D5 /* MyFirst.app */,
				391DFD042B6765A20006D7C2 /* MyFirstTests.xctest */,
			);
			name = Products;
			sourceTree = "<group>";
		};
		39C095002B60E3CC0007A7D5 /* MyFirst */ = {
			isa = PBXGroup;
			children = (
				39203D872B6E9B2E0011ACE4 /* Constants */,
				391DFCEB2B6719410006D7C2 /* App */,
				391DFCEA2B67192B0006D7C2 /* Views */,
				39C095072B60E3CE0007A7D5 /* Preview Content */,
			);
			path = MyFirst;
			sourceTree = "<group>";
		};
		39C095072B60E3CE0007A7D5 /* Preview Content */ = {
			isa = PBXGroup;
			children = (
				39C095082B60E3CE0007A7D5 /* Preview Assets.xcassets */,
			);
			path = "Preview Content";
			sourceTree = "<group>";
		};
/* End PBXGroup section */

/* Begin PBXNativeTarget section */
		391DFD032B6765A20006D7C2 /* MyFirstTests */ = {
			isa = PBXNativeTarget;
			buildConfigurationList = 391DFD0A2B6765A20006D7C2 /* Build configuration list for PBXNativeTarget "MyFirstTests" */;
			buildPhases = (
				391DFD002B6765A20006D7C2 /* Sources */,
				391DFD012B6765A20006D7C2 /* Frameworks */,
				391DFD022B6765A20006D7C2 /* Resources */,
			);
			buildRules = (
			);
			dependencies = (
				391DFD092B6765A20006D7C2 /* PBXTargetDependency */,
			);
			name = MyFirstTests;
			productName = MyFirstTests;
			productReference = 391DFD042B6765A20006D7C2 /* MyFirstTests.xctest */;
			productType = "com.apple.product-type.bundle.unit-test";
		};
		39C094FD2B60E3CC0007A7D5 /* MyFirst */ = {
			isa = PBXNativeTarget;
			buildConfigurationList = 39C0950C2B60E3CE0007A7D5 /* Build configuration list for PBXNativeTarget "MyFirst" */;
			buildPhases = (
				39C094FA2B60E3CC0007A7D5 /* Sources */,
				39C094FB2B60E3CC0007A7D5 /* Frameworks */,
				39C094FC2B60E3CC0007A7D5 /* Resources */,
			);
			buildRules = (
			);
			dependencies = (
			);
			name = MyFirst;
			productName = MyFirst;
			productReference = 39C094FE2B60E3CC0007A7D5 /* MyFirst.app */;
			productType = "com.apple.product-type.application";
		};
/* End PBXNativeTarget section */

/* Begin PBXProject section */
		39C094F62B60E3CC0007A7D5 /* Project object */ = {
			isa = PBXProject;
			attributes = {
				BuildIndependentTargetsInParallel = 1;
				LastSwiftUpdateCheck = 1520;
				LastUpgradeCheck = 1520;
				TargetAttributes = {
					391DFD032B6765A20006D7C2 = {
						CreatedOnToolsVersion = 15.2;
						TestTargetID = 39C094FD2B60E3CC0007A7D5;
					};
					39C094FD2B60E3CC0007A7D5 = {
						CreatedOnToolsVersion = 15.2;
					};
				};
			};
			buildConfigurationList = 39C094F92B60E3CC0007A7D5 /* Build configuration list for PBXProject "MyFirst" */;
			compatibilityVersion = "Xcode 14.0";
			developmentRegion = en;
			hasScannedForEncodings = 0;
			knownRegions = (
				en,
				Base,
			);
			mainGroup = 39C094F52B60E3CC0007A7D5;
			productRefGroup = 39C094FF2B60E3CC0007A7D5 /* Products */;
			projectDirPath = "";
			projectRoot = "";
			targets = (
				39C094FD2B60E3CC0007A7D5 /* MyFirst */,
				391DFD032B6765A20006D7C2 /* MyFirstTests */,
			);
		};
/* End PBXProject section */

/* Begin PBXResourcesBuildPhase section */
		391DFD022B6765A20006D7C2 /* Resources */ = {
			isa = PBXResourcesBuildPhase;
			buildActionMask = 2147483647;
			files = (
			);
			runOnlyForDeploymentPostprocessing = 0;
		};
		39C094FC2B60E3CC0007A7D5 /* Resources */ = {
			isa = PBXResourcesBuildPhase;
			buildActionMask = 2147483647;
			files = (
				39FC834A2B79CDDC00571273 /* week3 in Resources */,
				39C095092B60E3CE0007A7D5 /* Preview Assets.xcassets in Resources */,
				39FC83482B79CDD500571273 /* kodecoWeek1Solution in Resources */,
				39C095062B60E3CE0007A7D5 /* Assets.xcassets in Resources */,
			);
			runOnlyForDeploymentPostprocessing = 0;
		};
/* End PBXResourcesBuildPhase section */

/* Begin PBXSourcesBuildPhase section */
		391DFD002B6765A20006D7C2 /* Sources */ = {
			isa = PBXSourcesBuildPhase;
			buildActionMask = 2147483647;
			files = (
				391DFD072B6765A20006D7C2 /* MyFirstTests.swift in Sources */,
			);
			runOnlyForDeploymentPostprocessing = 0;
		};
		39C094FA2B60E3CC0007A7D5 /* Sources */ = {
			isa = PBXSourcesBuildPhase;
			buildActionMask = 2147483647;
			files = (
				39C095022B60E3CC0007A7D5 /* MyFirstApp.swift in Sources */,
				39203D8B2B6E9BDA0011ACE4 /* SliderView.swift in Sources */,
				391DFCFE2B6763D20006D7C2 /* ContentView.swift in Sources */,
				39203D912B6EF2480011ACE4 /* DisplayView.swift in Sources */,
				39203D8E2B6E9BFF0011ACE4 /* TextViews.swift in Sources */,
				39203D932B6F4C510011ACE4 /* ColorSelectionView.swift in Sources */,
				39203D892B6E9B600011ACE4 /* Constants.swift in Sources */,
			);
			runOnlyForDeploymentPostprocessing = 0;
		};
/* End PBXSourcesBuildPhase section */

/* Begin PBXTargetDependency section */
		391DFD092B6765A20006D7C2 /* PBXTargetDependency */ = {
			isa = PBXTargetDependency;
			target = 39C094FD2B60E3CC0007A7D5 /* MyFirst */;
			targetProxy = 391DFD082B6765A20006D7C2 /* PBXContainerItemProxy */;
		};
/* End PBXTargetDependency section */

/* Begin XCBuildConfiguration section */
		391DFD0B2B6765A20006D7C2 /* Debug */ = {
			isa = XCBuildConfiguration;
			buildSettings = {
				BUNDLE_LOADER = "$(TEST_HOST)";
				CODE_SIGN_STYLE = Automatic;
				CURRENT_PROJECT_VERSION = 1;
				DEVELOPMENT_TEAM = X7N5G75446;
				GENERATE_INFOPLIST_FILE = YES;
				IPHONEOS_DEPLOYMENT_TARGET = 17.2;
				MACOSX_DEPLOYMENT_TARGET = 14.2;
				MARKETING_VERSION = 1.0;
				PRODUCT_BUNDLE_IDENTIFIER = com.rudylearn.MyFirstTests;
				PRODUCT_NAME = "$(TARGET_NAME)";
				SDKROOT = auto;
				SUPPORTED_PLATFORMS = "iphoneos iphonesimulator macosx";
				SWIFT_EMIT_LOC_STRINGS = NO;
				SWIFT_VERSION = 5.0;
				TARGETED_DEVICE_FAMILY = "1,2";
				TEST_HOST = "$(BUILT_PRODUCTS_DIR)/MyFirst.app/$(BUNDLE_EXECUTABLE_FOLDER_PATH)/MyFirst";
			};
			name = Debug;
		};
		391DFD0C2B6765A20006D7C2 /* Release */ = {
			isa = XCBuildConfiguration;
			buildSettings = {
				BUNDLE_LOADER = "$(TEST_HOST)";
				CODE_SIGN_STYLE = Automatic;
				CURRENT_PROJECT_VERSION = 1;
				DEVELOPMENT_TEAM = X7N5G75446;
				GENERATE_INFOPLIST_FILE = YES;
				IPHONEOS_DEPLOYMENT_TARGET = 17.2;
				MACOSX_DEPLOYMENT_TARGET = 14.2;
				MARKETING_VERSION = 1.0;
				PRODUCT_BUNDLE_IDENTIFIER = com.rudylearn.MyFirstTests;
				PRODUCT_NAME = "$(TARGET_NAME)";
				SDKROOT = auto;
				SUPPORTED_PLATFORMS = "iphoneos iphonesimulator macosx";
				SWIFT_EMIT_LOC_STRINGS = NO;
				SWIFT_VERSION = 5.0;
				TARGETED_DEVICE_FAMILY = "1,2";
				TEST_HOST = "$(BUILT_PRODUCTS_DIR)/MyFirst.app/$(BUNDLE_EXECUTABLE_FOLDER_PATH)/MyFirst";
			};
			name = Release;
		};
		39C0950A2B60E3CE0007A7D5 /* Debug */ = {
			isa = XCBuildConfiguration;
			buildSettings = {
				ALWAYS_SEARCH_USER_PATHS = NO;
				ASSETCATALOG_COMPILER_GENERATE_SWIFT_ASSET_SYMBOL_EXTENSIONS = YES;
				CLANG_ANALYZER_NONNULL = YES;
				CLANG_ANALYZER_NUMBER_OBJECT_CONVERSION = YES_AGGRESSIVE;
				CLANG_CXX_LANGUAGE_STANDARD = "gnu++20";
				CLANG_ENABLE_MODULES = YES;
				CLANG_ENABLE_OBJC_ARC = YES;
				CLANG_ENABLE_OBJC_WEAK = YES;
				CLANG_WARN_BLOCK_CAPTURE_AUTORELEASING = YES;
				CLANG_WARN_BOOL_CONVERSION = YES;
				CLANG_WARN_COMMA = YES;
				CLANG_WARN_CONSTANT_CONVERSION = YES;
				CLANG_WARN_DEPRECATED_OBJC_IMPLEMENTATIONS = YES;
				CLANG_WARN_DIRECT_OBJC_ISA_USAGE = YES_ERROR;
				CLANG_WARN_DOCUMENTATION_COMMENTS = YES;
				CLANG_WARN_EMPTY_BODY = YES;
				CLANG_WARN_ENUM_CONVERSION = YES;
				CLANG_WARN_INFINITE_RECURSION = YES;
				CLANG_WARN_INT_CONVERSION = YES;
				CLANG_WARN_NON_LITERAL_NULL_CONVERSION = YES;
				CLANG_WARN_OBJC_IMPLICIT_RETAIN_SELF = YES;
				CLANG_WARN_OBJC_LITERAL_CONVERSION = YES;
				CLANG_WARN_OBJC_ROOT_CLASS = YES_ERROR;
				CLANG_WARN_QUOTED_INCLUDE_IN_FRAMEWORK_HEADER = YES;
				CLANG_WARN_RANGE_LOOP_ANALYSIS = YES;
				CLANG_WARN_STRICT_PROTOTYPES = YES;
				CLANG_WARN_SUSPICIOUS_MOVE = YES;
				CLANG_WARN_UNGUARDED_AVAILABILITY = YES_AGGRESSIVE;
				CLANG_WARN_UNREACHABLE_CODE = YES;
				CLANG_WARN__DUPLICATE_METHOD_MATCH = YES;
				COPY_PHASE_STRIP = NO;
				DEBUG_INFORMATION_FORMAT = dwarf;
				ENABLE_STRICT_OBJC_MSGSEND = YES;
				ENABLE_TESTABILITY = YES;
				ENABLE_USER_SCRIPT_SANDBOXING = YES;
				GCC_C_LANGUAGE_STANDARD = gnu17;
				GCC_DYNAMIC_NO_PIC = NO;
				GCC_NO_COMMON_BLOCKS = YES;
				GCC_OPTIMIZATION_LEVEL = 0;
				GCC_PREPROCESSOR_DEFINITIONS = (
					"DEBUG=1",
					"$(inherited)",
				);
				GCC_WARN_64_TO_32_BIT_CONVERSION = YES;
				GCC_WARN_ABOUT_RETURN_TYPE = YES_ERROR;
				GCC_WARN_UNDECLARED_SELECTOR = YES;
				GCC_WARN_UNINITIALIZED_AUTOS = YES_AGGRESSIVE;
				GCC_WARN_UNUSED_FUNCTION = YES;
				GCC_WARN_UNUSED_VARIABLE = YES;
				IPHONEOS_DEPLOYMENT_TARGET = 17.2;
				LOCALIZATION_PREFERS_STRING_CATALOGS = YES;
				MTL_ENABLE_DEBUG_INFO = INCLUDE_SOURCE;
				MTL_FAST_MATH = YES;
				ONLY_ACTIVE_ARCH = YES;
				SDKROOT = iphoneos;
				SWIFT_ACTIVE_COMPILATION_CONDITIONS = "DEBUG $(inherited)";
				SWIFT_OPTIMIZATION_LEVEL = "-Onone";
			};
			name = Debug;
		};
		39C0950B2B60E3CE0007A7D5 /* Release */ = {
			isa = XCBuildConfiguration;
			buildSettings = {
				ALWAYS_SEARCH_USER_PATHS = NO;
				ASSETCATALOG_COMPILER_GENERATE_SWIFT_ASSET_SYMBOL_EXTENSIONS = YES;
				CLANG_ANALYZER_NONNULL = YES;
				CLANG_ANALYZER_NUMBER_OBJECT_CONVERSION = YES_AGGRESSIVE;
				CLANG_CXX_LANGUAGE_STANDARD = "gnu++20";
				CLANG_ENABLE_MODULES = YES;
				CLANG_ENABLE_OBJC_ARC = YES;
				CLANG_ENABLE_OBJC_WEAK = YES;
				CLANG_WARN_BLOCK_CAPTURE_AUTORELEASING = YES;
				CLANG_WARN_BOOL_CONVERSION = YES;
				CLANG_WARN_COMMA = YES;
				CLANG_WARN_CONSTANT_CONVERSION = YES;
				CLANG_WARN_DEPRECATED_OBJC_IMPLEMENTATIONS = YES;
				CLANG_WARN_DIRECT_OBJC_ISA_USAGE = YES_ERROR;
				CLANG_WARN_DOCUMENTATION_COMMENTS = YES;
				CLANG_WARN_EMPTY_BODY = YES;
				CLANG_WARN_ENUM_CONVERSION = YES;
				CLANG_WARN_INFINITE_RECURSION = YES;
				CLANG_WARN_INT_CONVERSION = YES;
				CLANG_WARN_NON_LITERAL_NULL_CONVERSION = YES;
				CLANG_WARN_OBJC_IMPLICIT_RETAIN_SELF = YES;
				CLANG_WARN_OBJC_LITERAL_CONVERSION = YES;
				CLANG_WARN_OBJC_ROOT_CLASS = YES_ERROR;
				CLANG_WARN_QUOTED_INCLUDE_IN_FRAMEWORK_HEADER = YES;
				CLANG_WARN_RANGE_LOOP_ANALYSIS = YES;
				CLANG_WARN_STRICT_PROTOTYPES = YES;
				CLANG_WARN_SUSPICIOUS_MOVE = YES;
				CLANG_WARN_UNGUARDED_AVAILABILITY = YES_AGGRESSIVE;
				CLANG_WARN_UNREACHABLE_CODE = YES;
				CLANG_WARN__DUPLICATE_METHOD_MATCH = YES;
				COPY_PHASE_STRIP = NO;
				DEBUG_INFORMATION_FORMAT = "dwarf-with-dsym";
				ENABLE_NS_ASSERTIONS = NO;
				ENABLE_STRICT_OBJC_MSGSEND = YES;
				ENABLE_USER_SCRIPT_SANDBOXING = YES;
				GCC_C_LANGUAGE_STANDARD = gnu17;
				GCC_NO_COMMON_BLOCKS = YES;
				GCC_WARN_64_TO_32_BIT_CONVERSION = YES;
				GCC_WARN_ABOUT_RETURN_TYPE = YES_ERROR;
				GCC_WARN_UNDECLARED_SELECTOR = YES;
				GCC_WARN_UNINITIALIZED_AUTOS = YES_AGGRESSIVE;
				GCC_WARN_UNUSED_FUNCTION = YES;
				GCC_WARN_UNUSED_VARIABLE = YES;
				IPHONEOS_DEPLOYMENT_TARGET = 17.2;
				LOCALIZATION_PREFERS_STRING_CATALOGS = YES;
				MTL_ENABLE_DEBUG_INFO = NO;
				MTL_FAST_MATH = YES;
				SDKROOT = iphoneos;
				SWIFT_COMPILATION_MODE = wholemodule;
				VALIDATE_PRODUCT = YES;
			};
			name = Release;
		};
		39C0950D2B60E3CE0007A7D5 /* Debug */ = {
			isa = XCBuildConfiguration;
			buildSettings = {
				ASSETCATALOG_COMPILER_APPICON_NAME = AppIcon;
				ASSETCATALOG_COMPILER_GLOBAL_ACCENT_COLOR_NAME = AccentColor;
				CODE_SIGN_STYLE = Automatic;
				CURRENT_PROJECT_VERSION = 1;
				DEVELOPMENT_ASSET_PATHS = "\"MyFirst/Preview Content\"";
				DEVELOPMENT_TEAM = X7N5G75446;
				ENABLE_PREVIEWS = YES;
				GENERATE_INFOPLIST_FILE = YES;
				INFOPLIST_KEY_CFBundleDisplayName = ColorPicker;
				INFOPLIST_KEY_UIApplicationSceneManifest_Generation = YES;
				INFOPLIST_KEY_UIApplicationSupportsIndirectInputEvents = YES;
				INFOPLIST_KEY_UILaunchScreen_Generation = YES;
				INFOPLIST_KEY_UISupportedInterfaceOrientations_iPad = "UIInterfaceOrientationPortrait UIInterfaceOrientationPortraitUpsideDown UIInterfaceOrientationLandscapeLeft UIInterfaceOrientationLandscapeRight";
				INFOPLIST_KEY_UISupportedInterfaceOrientations_iPhone = "UIInterfaceOrientationPortrait UIInterfaceOrientationLandscapeLeft UIInterfaceOrientationLandscapeRight";
				LD_RUNPATH_SEARCH_PATHS = (
					"$(inherited)",
					"@executable_path/Frameworks",
				);
				MARKETING_VERSION = 1.0;
				PRODUCT_BUNDLE_IDENTIFIER = com.rudylearn.MyFirst;
				PRODUCT_NAME = "$(TARGET_NAME)";
				SWIFT_EMIT_LOC_STRINGS = YES;
				SWIFT_VERSION = 5.0;
				TARGETED_DEVICE_FAMILY = "1,2";
			};
			name = Debug;
		};
		39C0950E2B60E3CE0007A7D5 /* Release */ = {
			isa = XCBuildConfiguration;
			buildSettings = {
				ASSETCATALOG_COMPILER_APPICON_NAME = AppIcon;
				ASSETCATALOG_COMPILER_GLOBAL_ACCENT_COLOR_NAME = AccentColor;
				CODE_SIGN_STYLE = Automatic;
				CURRENT_PROJECT_VERSION = 1;
				DEVELOPMENT_ASSET_PATHS = "\"MyFirst/Preview Content\"";
				DEVELOPMENT_TEAM = X7N5G75446;
				ENABLE_PREVIEWS = YES;
				GENERATE_INFOPLIST_FILE = YES;
				INFOPLIST_KEY_CFBundleDisplayName = ColorPicker;
				INFOPLIST_KEY_UIApplicationSceneManifest_Generation = YES;
				INFOPLIST_KEY_UIApplicationSupportsIndirectInputEvents = YES;
				INFOPLIST_KEY_UILaunchScreen_Generation = YES;
				INFOPLIST_KEY_UISupportedInterfaceOrientations_iPad = "UIInterfaceOrientationPortrait UIInterfaceOrientationPortraitUpsideDown UIInterfaceOrientationLandscapeLeft UIInterfaceOrientationLandscapeRight";
				INFOPLIST_KEY_UISupportedInterfaceOrientations_iPhone = "UIInterfaceOrientationPortrait UIInterfaceOrientationLandscapeLeft UIInterfaceOrientationLandscapeRight";
				LD_RUNPATH_SEARCH_PATHS = (
					"$(inherited)",
					"@executable_path/Frameworks",
				);
				MARKETING_VERSION = 1.0;
				PRODUCT_BUNDLE_IDENTIFIER = com.rudylearn.MyFirst;
				PRODUCT_NAME = "$(TARGET_NAME)";
				SWIFT_EMIT_LOC_STRINGS = YES;
				SWIFT_VERSION = 5.0;
				TARGETED_DEVICE_FAMILY = "1,2";
			};
			name = Release;
		};
/* End XCBuildConfiguration section */

/* Begin XCConfigurationList section */
		391DFD0A2B6765A20006D7C2 /* Build configuration list for PBXNativeTarget "MyFirstTests" */ = {
			isa = XCConfigurationList;
			buildConfigurations = (
				391DFD0B2B6765A20006D7C2 /* Debug */,
				391DFD0C2B6765A20006D7C2 /* Release */,
			);
			defaultConfigurationIsVisible = 0;
			defaultConfigurationName = Release;
		};
		39C094F92B60E3CC0007A7D5 /* Build configuration list for PBXProject "MyFirst" */ = {
			isa = XCConfigurationList;
			buildConfigurations = (
				39C0950A2B60E3CE0007A7D5 /* Debug */,
				39C0950B2B60E3CE0007A7D5 /* Release */,
			);
			defaultConfigurationIsVisible = 0;
			defaultConfigurationName = Release;
		};
		39C0950C2B60E3CE0007A7D5 /* Build configuration list for PBXNativeTarget "MyFirst" */ = {
			isa = XCConfigurationList;
			buildConfigurations = (
				39C0950D2B60E3CE0007A7D5 /* Debug */,
				39C0950E2B60E3CE0007A7D5 /* Release */,
			);
			defaultConfigurationIsVisible = 0;
			defaultConfigurationName = Release;
		};
/* End XCConfigurationList section */
	};
	rootObject = 39C094F62B60E3CC0007A7D5 /* Project object */;
}
