// !$*UTF8*$!
{
	archiveVersion = 1;
	classes = {
	};
	objectVersion = 56;
	objects = {

/* Begin PBXBuildFile section */
		3951F9462BA8998C009FD43D /* homework08App.swift in Sources */ = {isa = PBXBuildFile; fileRef = 3951F9452BA8998C009FD43D /* homework08App.swift */; };
		3951F94A2BA8998D009FD43D /* Assets.xcassets in Resources */ = {isa = PBXBuildFile; fileRef = 3951F9492BA8998D009FD43D /* Assets.xcassets */; };
		3951F94D2BA8998D009FD43D /* Preview Assets.xcassets in Resources */ = {isa = PBXBuildFile; fileRef = 3951F94C2BA8998D009FD43D /* Preview Assets.xcassets */; };
		3951F95C2BA89A39009FD43D /* Constants.swift in Sources */ = {isa = PBXBuildFile; fileRef = 3951F9532BA89A39009FD43D /* Constants.swift */; };
		3951F95D2BA89A39009FD43D /* APIDetails.swift in Sources */ = {isa = PBXBuildFile; fileRef = 3951F9552BA89A39009FD43D /* APIDetails.swift */; };
		3951F95E2BA89A39009FD43D /* ContentView.swift in Sources */ = {isa = PBXBuildFile; fileRef = 3951F9562BA89A39009FD43D /* ContentView.swift */; };
		3951F95F2BA89A39009FD43D /* API.swift in Sources */ = {isa = PBXBuildFile; fileRef = 3951F9582BA89A39009FD43D /* API.swift */; };
		3951F9602BA89A39009FD43D /* APIInput.swift in Sources */ = {isa = PBXBuildFile; fileRef = 3951F9592BA89A39009FD43D /* APIInput.swift */; };
		3951F9682BA89B4E009FD43D /* FileManager.swift in Sources */ = {isa = PBXBuildFile; fileRef = 3951F9642BA89B4E009FD43D /* FileManager.swift */; };
		3951F96A2BA89D42009FD43D /* APIDownloader.swift in Sources */ = {isa = PBXBuildFile; fileRef = 3951F9692BA89D42009FD43D /* APIDownloader.swift */; };
/* End PBXBuildFile section */

/* Begin PBXFileReference section */
		3951F9422BA8998C009FD43D /* homework08.app */ = {isa = PBXFileReference; explicitFileType = wrapper.application; includeInIndex = 0; path = homework08.app; sourceTree = BUILT_PRODUCTS_DIR; };
		3951F9452BA8998C009FD43D /* homework08App.swift */ = {isa = PBXFileReference; lastKnownFileType = sourcecode.swift; path = homework08App.swift; sourceTree = "<group>"; };
		3951F9492BA8998D009FD43D /* Assets.xcassets */ = {isa = PBXFileReference; lastKnownFileType = folder.assetcatalog; path = Assets.xcassets; sourceTree = "<group>"; };
		3951F94C2BA8998D009FD43D /* Preview Assets.xcassets */ = {isa = PBXFileReference; lastKnownFileType = folder.assetcatalog; path = "Preview Assets.xcassets"; sourceTree = "<group>"; };
		3951F9532BA89A39009FD43D /* Constants.swift */ = {isa = PBXFileReference; fileEncoding = 4; lastKnownFileType = sourcecode.swift; path = Constants.swift; sourceTree = "<group>"; };
		3951F9552BA89A39009FD43D /* APIDetails.swift */ = {isa = PBXFileReference; fileEncoding = 4; lastKnownFileType = sourcecode.swift; path = APIDetails.swift; sourceTree = "<group>"; };
		3951F9562BA89A39009FD43D /* ContentView.swift */ = {isa = PBXFileReference; fileEncoding = 4; lastKnownFileType = sourcecode.swift; path = ContentView.swift; sourceTree = "<group>"; };
		3951F9582BA89A39009FD43D /* API.swift */ = {isa = PBXFileReference; fileEncoding = 4; lastKnownFileType = sourcecode.swift; path = API.swift; sourceTree = "<group>"; };
		3951F9592BA89A39009FD43D /* APIInput.swift */ = {isa = PBXFileReference; fileEncoding = 4; lastKnownFileType = sourcecode.swift; path = APIInput.swift; sourceTree = "<group>"; };
		3951F9642BA89B4E009FD43D /* FileManager.swift */ = {isa = PBXFileReference; fileEncoding = 4; lastKnownFileType = sourcecode.swift; path = FileManager.swift; sourceTree = "<group>"; };
		3951F9692BA89D42009FD43D /* APIDownloader.swift */ = {isa = PBXFileReference; lastKnownFileType = sourcecode.swift; path = APIDownloader.swift; sourceTree = "<group>"; };
/* End PBXFileReference section */

/* Begin PBXFrameworksBuildPhase section */
		3951F93F2BA8998C009FD43D /* Frameworks */ = {
			isa = PBXFrameworksBuildPhase;
			buildActionMask = 2147483647;
			files = (
			);
			runOnlyForDeploymentPostprocessing = 0;
		};
/* End PBXFrameworksBuildPhase section */

/* Begin PBXGroup section */
		3951F9392BA8998C009FD43D = {
			isa = PBXGroup;
			children = (
				3951F9442BA8998C009FD43D /* homework08 */,
				3951F9432BA8998C009FD43D /* Products */,
			);
			sourceTree = "<group>";
		};
		3951F9432BA8998C009FD43D /* Products */ = {
			isa = PBXGroup;
			children = (
				3951F9422BA8998C009FD43D /* homework08.app */,
			);
			name = Products;
			sourceTree = "<group>";
		};
		3951F9442BA8998C009FD43D /* homework08 */ = {
			isa = PBXGroup;
			children = (
				3951F9652BA89B4E009FD43D /* Extensions */,
				3951F9542BA89A39009FD43D /* Constant */,
				3951F95B2BA89A39009FD43D /* Model */,
				3951F9572BA89A39009FD43D /* View */,
				3951F9452BA8998C009FD43D /* homework08App.swift */,
				3951F9492BA8998D009FD43D /* Assets.xcassets */,
				3951F94B2BA8998D009FD43D /* Preview Content */,
			);
			path = homework08;
			sourceTree = "<group>";
		};
		3951F94B2BA8998D009FD43D /* Preview Content */ = {
			isa = PBXGroup;
			children = (
				3951F94C2BA8998D009FD43D /* Preview Assets.xcassets */,
			);
			path = "Preview Content";
			sourceTree = "<group>";
		};
		3951F9542BA89A39009FD43D /* Constant */ = {
			isa = PBXGroup;
			children = (
				3951F9532BA89A39009FD43D /* Constants.swift */,
			);
			path = Constant;
			sourceTree = "<group>";
		};
		3951F9572BA89A39009FD43D /* View */ = {
			isa = PBXGroup;
			children = (
				3951F9552BA89A39009FD43D /* APIDetails.swift */,
				3951F9562BA89A39009FD43D /* ContentView.swift */,
			);
			path = View;
			sourceTree = "<group>";
		};
		3951F95B2BA89A39009FD43D /* Model */ = {
			isa = PBXGroup;
			children = (
				3951F9582BA89A39009FD43D /* API.swift */,
				3951F9592BA89A39009FD43D /* APIInput.swift */,
				3951F9692BA89D42009FD43D /* APIDownloader.swift */,
			);
			path = Model;
			sourceTree = "<group>";
		};
		3951F9652BA89B4E009FD43D /* Extensions */ = {
			isa = PBXGroup;
			children = (
				3951F9642BA89B4E009FD43D /* FileManager.swift */,
			);
			path = Extensions;
			sourceTree = "<group>";
		};
/* End PBXGroup section */

/* Begin PBXNativeTarget section */
		3951F9412BA8998C009FD43D /* homework08 */ = {
			isa = PBXNativeTarget;
			buildConfigurationList = 3951F9502BA8998D009FD43D /* Build configuration list for PBXNativeTarget "homework08" */;
			buildPhases = (
				3951F93E2BA8998C009FD43D /* Sources */,
				3951F93F2BA8998C009FD43D /* Frameworks */,
				3951F9402BA8998C009FD43D /* Resources */,
			);
			buildRules = (
			);
			dependencies = (
			);
			name = homework08;
			productName = homework08;
			productReference = 3951F9422BA8998C009FD43D /* homework08.app */;
			productType = "com.apple.product-type.application";
		};
/* End PBXNativeTarget section */

/* Begin PBXProject section */
		3951F93A2BA8998C009FD43D /* Project object */ = {
			isa = PBXProject;
			attributes = {
				BuildIndependentTargetsInParallel = 1;
				LastSwiftUpdateCheck = 1530;
				LastUpgradeCheck = 1530;
				TargetAttributes = {
					3951F9412BA8998C009FD43D = {
						CreatedOnToolsVersion = 15.3;
					};
				};
			};
			buildConfigurationList = 3951F93D2BA8998C009FD43D /* Build configuration list for PBXProject "homework08" */;
			compatibilityVersion = "Xcode 14.0";
			developmentRegion = en;
			hasScannedForEncodings = 0;
			knownRegions = (
				en,
				Base,
			);
			mainGroup = 3951F9392BA8998C009FD43D;
			productRefGroup = 3951F9432BA8998C009FD43D /* Products */;
			projectDirPath = "";
			projectRoot = "";
			targets = (
				3951F9412BA8998C009FD43D /* homework08 */,
			);
		};
/* End PBXProject section */

/* Begin PBXResourcesBuildPhase section */
		3951F9402BA8998C009FD43D /* Resources */ = {
			isa = PBXResourcesBuildPhase;
			buildActionMask = 2147483647;
			files = (
				3951F94D2BA8998D009FD43D /* Preview Assets.xcassets in Resources */,
				3951F94A2BA8998D009FD43D /* Assets.xcassets in Resources */,
			);
			runOnlyForDeploymentPostprocessing = 0;
		};
/* End PBXResourcesBuildPhase section */

/* Begin PBXSourcesBuildPhase section */
		3951F93E2BA8998C009FD43D /* Sources */ = {
			isa = PBXSourcesBuildPhase;
			buildActionMask = 2147483647;
			files = (
				3951F95E2BA89A39009FD43D /* ContentView.swift in Sources */,
				3951F9462BA8998C009FD43D /* homework08App.swift in Sources */,
				3951F9602BA89A39009FD43D /* APIInput.swift in Sources */,
				3951F95C2BA89A39009FD43D /* Constants.swift in Sources */,
				3951F96A2BA89D42009FD43D /* APIDownloader.swift in Sources */,
				3951F95F2BA89A39009FD43D /* API.swift in Sources */,
				3951F95D2BA89A39009FD43D /* APIDetails.swift in Sources */,
				3951F9682BA89B4E009FD43D /* FileManager.swift in Sources */,
			);
			runOnlyForDeploymentPostprocessing = 0;
		};
/* End PBXSourcesBuildPhase section */

/* Begin XCBuildConfiguration section */
		3951F94E2BA8998D009FD43D /* Debug */ = {
			isa = XCBuildConfiguration;
			buildSettings = {
				ALWAYS_SEARCH_USER_PATHS = NO;
				ASSETCATALOG_COMPILER_GENERATE_SWIFT_ASSET_SYMBOL_EXTENSIONS = YES;
				CLANG_ANALYZER_NONNULL = YES;
				CLANG_ANALYZER_NUMBER_OBJECT_CONVERSION = YES_AGGRESSIVE;
				CLANG_CXX_LANGUAGE_STANDARD = "gnu++20";
				CLANG_ENABLE_MODULES = YES;
				CLANG_ENABLE_OBJC_ARC = YES;
				CLANG_ENABLE_OBJC_WEAK = YES;
				CLANG_WARN_BLOCK_CAPTURE_AUTORELEASING = YES;
				CLANG_WARN_BOOL_CONVERSION = YES;
				CLANG_WARN_COMMA = YES;
				CLANG_WARN_CONSTANT_CONVERSION = YES;
				CLANG_WARN_DEPRECATED_OBJC_IMPLEMENTATIONS = YES;
				CLANG_WARN_DIRECT_OBJC_ISA_USAGE = YES_ERROR;
				CLANG_WARN_DOCUMENTATION_COMMENTS = YES;
				CLANG_WARN_EMPTY_BODY = YES;
				CLANG_WARN_ENUM_CONVERSION = YES;
				CLANG_WARN_INFINITE_RECURSION = YES;
				CLANG_WARN_INT_CONVERSION = YES;
				CLANG_WARN_NON_LITERAL_NULL_CONVERSION = YES;
				CLANG_WARN_OBJC_IMPLICIT_RETAIN_SELF = YES;
				CLANG_WARN_OBJC_LITERAL_CONVERSION = YES;
				CLANG_WARN_OBJC_ROOT_CLASS = YES_ERROR;
				CLANG_WARN_QUOTED_INCLUDE_IN_FRAMEWORK_HEADER = YES;
				CLANG_WARN_RANGE_LOOP_ANALYSIS = YES;
				CLANG_WARN_STRICT_PROTOTYPES = YES;
				CLANG_WARN_SUSPICIOUS_MOVE = YES;
				CLANG_WARN_UNGUARDED_AVAILABILITY = YES_AGGRESSIVE;
				CLANG_WARN_UNREACHABLE_CODE = YES;
				CLANG_WARN__DUPLICATE_METHOD_MATCH = YES;
				COPY_PHASE_STRIP = NO;
				DEBUG_INFORMATION_FORMAT = dwarf;
				ENABLE_STRICT_OBJC_MSGSEND = YES;
				ENABLE_TESTABILITY = YES;
				ENABLE_USER_SCRIPT_SANDBOXING = YES;
				GCC_C_LANGUAGE_STANDARD = gnu17;
				GCC_DYNAMIC_NO_PIC = NO;
				GCC_NO_COMMON_BLOCKS = YES;
				GCC_OPTIMIZATION_LEVEL = 0;
				GCC_PREPROCESSOR_DEFINITIONS = (
					"DEBUG=1",
					"$(inherited)",
				);
				GCC_WARN_64_TO_32_BIT_CONVERSION = YES;
				GCC_WARN_ABOUT_RETURN_TYPE = YES_ERROR;
				GCC_WARN_UNDECLARED_SELECTOR = YES;
				GCC_WARN_UNINITIALIZED_AUTOS = YES_AGGRESSIVE;
				GCC_WARN_UNUSED_FUNCTION = YES;
				GCC_WARN_UNUSED_VARIABLE = YES;
				IPHONEOS_DEPLOYMENT_TARGET = 17.4;
				LOCALIZATION_PREFERS_STRING_CATALOGS = YES;
				MTL_ENABLE_DEBUG_INFO = INCLUDE_SOURCE;
				MTL_FAST_MATH = YES;
				ONLY_ACTIVE_ARCH = YES;
				SDKROOT = iphoneos;
				SWIFT_ACTIVE_COMPILATION_CONDITIONS = "DEBUG $(inherited)";
				SWIFT_OPTIMIZATION_LEVEL = "-Onone";
			};
			name = Debug;
		};
		3951F94F2BA8998D009FD43D /* Release */ = {
			isa = XCBuildConfiguration;
			buildSettings = {
				ALWAYS_SEARCH_USER_PATHS = NO;
				ASSETCATALOG_COMPILER_GENERATE_SWIFT_ASSET_SYMBOL_EXTENSIONS = YES;
				CLANG_ANALYZER_NONNULL = YES;
				CLANG_ANALYZER_NUMBER_OBJECT_CONVERSION = YES_AGGRESSIVE;
				CLANG_CXX_LANGUAGE_STANDARD = "gnu++20";
				CLANG_ENABLE_MODULES = YES;
				CLANG_ENABLE_OBJC_ARC = YES;
				CLANG_ENABLE_OBJC_WEAK = YES;
				CLANG_WARN_BLOCK_CAPTURE_AUTORELEASING = YES;
				CLANG_WARN_BOOL_CONVERSION = YES;
				CLANG_WARN_COMMA = YES;
				CLANG_WARN_CONSTANT_CONVERSION = YES;
				CLANG_WARN_DEPRECATED_OBJC_IMPLEMENTATIONS = YES;
				CLANG_WARN_DIRECT_OBJC_ISA_USAGE = YES_ERROR;
				CLANG_WARN_DOCUMENTATION_COMMENTS = YES;
				CLANG_WARN_EMPTY_BODY = YES;
				CLANG_WARN_ENUM_CONVERSION = YES;
				CLANG_WARN_INFINITE_RECURSION = YES;
				CLANG_WARN_INT_CONVERSION = YES;
				CLANG_WARN_NON_LITERAL_NULL_CONVERSION = YES;
				CLANG_WARN_OBJC_IMPLICIT_RETAIN_SELF = YES;
				CLANG_WARN_OBJC_LITERAL_CONVERSION = YES;
				CLANG_WARN_OBJC_ROOT_CLASS = YES_ERROR;
				CLANG_WARN_QUOTED_INCLUDE_IN_FRAMEWORK_HEADER = YES;
				CLANG_WARN_RANGE_LOOP_ANALYSIS = YES;
				CLANG_WARN_STRICT_PROTOTYPES = YES;
				CLANG_WARN_SUSPICIOUS_MOVE = YES;
				CLANG_WARN_UNGUARDED_AVAILABILITY = YES_AGGRESSIVE;
				CLANG_WARN_UNREACHABLE_CODE = YES;
				CLANG_WARN__DUPLICATE_METHOD_MATCH = YES;
				COPY_PHASE_STRIP = NO;
				DEBUG_INFORMATION_FORMAT = "dwarf-with-dsym";
				ENABLE_NS_ASSERTIONS = NO;
				ENABLE_STRICT_OBJC_MSGSEND = YES;
				ENABLE_USER_SCRIPT_SANDBOXING = YES;
				GCC_C_LANGUAGE_STANDARD = gnu17;
				GCC_NO_COMMON_BLOCKS = YES;
				GCC_WARN_64_TO_32_BIT_CONVERSION = YES;
				GCC_WARN_ABOUT_RETURN_TYPE = YES_ERROR;
				GCC_WARN_UNDECLARED_SELECTOR = YES;
				GCC_WARN_UNINITIALIZED_AUTOS = YES_AGGRESSIVE;
				GCC_WARN_UNUSED_FUNCTION = YES;
				GCC_WARN_UNUSED_VARIABLE = YES;
				IPHONEOS_DEPLOYMENT_TARGET = 17.4;
				LOCALIZATION_PREFERS_STRING_CATALOGS = YES;
				MTL_ENABLE_DEBUG_INFO = NO;
				MTL_FAST_MATH = YES;
				SDKROOT = iphoneos;
				SWIFT_COMPILATION_MODE = wholemodule;
				VALIDATE_PRODUCT = YES;
			};
			name = Release;
		};
		3951F9512BA8998D009FD43D /* Debug */ = {
			isa = XCBuildConfiguration;
			buildSettings = {
				ASSETCATALOG_COMPILER_APPICON_NAME = AppIcon;
				ASSETCATALOG_COMPILER_GLOBAL_ACCENT_COLOR_NAME = AccentColor;
				CODE_SIGN_STYLE = Automatic;
				CURRENT_PROJECT_VERSION = 1;
				DEVELOPMENT_ASSET_PATHS = "\"homework08/Preview Content\"";
				DEVELOPMENT_TEAM = X7N5G75446;
				ENABLE_PREVIEWS = YES;
				GENERATE_INFOPLIST_FILE = YES;
				INFOPLIST_KEY_UIApplicationSceneManifest_Generation = YES;
				INFOPLIST_KEY_UIApplicationSupportsIndirectInputEvents = YES;
				INFOPLIST_KEY_UILaunchScreen_Generation = YES;
				INFOPLIST_KEY_UISupportedInterfaceOrientations_iPad = "UIInterfaceOrientationPortrait UIInterfaceOrientationPortraitUpsideDown UIInterfaceOrientationLandscapeLeft UIInterfaceOrientationLandscapeRight";
				INFOPLIST_KEY_UISupportedInterfaceOrientations_iPhone = "UIInterfaceOrientationPortrait UIInterfaceOrientationLandscapeLeft UIInterfaceOrientationLandscapeRight";
				LD_RUNPATH_SEARCH_PATHS = (
					"$(inherited)",
					"@executable_path/Frameworks",
				);
				MARKETING_VERSION = 1.0;
				PRODUCT_BUNDLE_IDENTIFIER = com.rudylearn.homework08;
				PRODUCT_NAME = "$(TARGET_NAME)";
				SWIFT_EMIT_LOC_STRINGS = YES;
				SWIFT_VERSION = 5.0;
				TARGETED_DEVICE_FAMILY = "1,2";
			};
			name = Debug;
		};
		3951F9522BA8998D009FD43D /* Release */ = {
			isa = XCBuildConfiguration;
			buildSettings = {
				ASSETCATALOG_COMPILER_APPICON_NAME = AppIcon;
				ASSETCATALOG_COMPILER_GLOBAL_ACCENT_COLOR_NAME = AccentColor;
				CODE_SIGN_STYLE = Automatic;
				CURRENT_PROJECT_VERSION = 1;
				DEVELOPMENT_ASSET_PATHS = "\"homework08/Preview Content\"";
				DEVELOPMENT_TEAM = X7N5G75446;
				ENABLE_PREVIEWS = YES;
				GENERATE_INFOPLIST_FILE = YES;
				INFOPLIST_KEY_UIApplicationSceneManifest_Generation = YES;
				INFOPLIST_KEY_UIApplicationSupportsIndirectInputEvents = YES;
				INFOPLIST_KEY_UILaunchScreen_Generation = YES;
				INFOPLIST_KEY_UISupportedInterfaceOrientations_iPad = "UIInterfaceOrientationPortrait UIInterfaceOrientationPortraitUpsideDown UIInterfaceOrientationLandscapeLeft UIInterfaceOrientationLandscapeRight";
				INFOPLIST_KEY_UISupportedInterfaceOrientations_iPhone = "UIInterfaceOrientationPortrait UIInterfaceOrientationLandscapeLeft UIInterfaceOrientationLandscapeRight";
				LD_RUNPATH_SEARCH_PATHS = (
					"$(inherited)",
					"@executable_path/Frameworks",
				);
				MARKETING_VERSION = 1.0;
				PRODUCT_BUNDLE_IDENTIFIER = com.rudylearn.homework08;
				PRODUCT_NAME = "$(TARGET_NAME)";
				SWIFT_EMIT_LOC_STRINGS = YES;
				SWIFT_VERSION = 5.0;
				TARGETED_DEVICE_FAMILY = "1,2";
			};
			name = Release;
		};
/* End XCBuildConfiguration section */

/* Begin XCConfigurationList section */
		3951F93D2BA8998C009FD43D /* Build configuration list for PBXProject "homework08" */ = {
			isa = XCConfigurationList;
			buildConfigurations = (
				3951F94E2BA8998D009FD43D /* Debug */,
				3951F94F2BA8998D009FD43D /* Release */,
			);
			defaultConfigurationIsVisible = 0;
			defaultConfigurationName = Release;
		};
		3951F9502BA8998D009FD43D /* Build configuration list for PBXNativeTarget "homework08" */ = {
			isa = XCConfigurationList;
			buildConfigurations = (
				3951F9512BA8998D009FD43D /* Debug */,
				3951F9522BA8998D009FD43D /* Release */,
			);
			defaultConfigurationIsVisible = 0;
			defaultConfigurationName = Release;
		};
/* End XCConfigurationList section */
	};
	rootObject = 3951F93A2BA8998C009FD43D /* Project object */;
}
